
Microsoft Visual Studio Solution File, Format Version 12.00
# Visual Studio Version 16
VisualStudioVersion = 16.0.32602.291
MinimumVisualStudioVersion = 10.0.40219.1
Project("{FAE04EC0-301F-11D3-BF4B-00C04F79EFBC}") = "WindowsFormsApp3", "WindowsFormsApp3\WindowsFormsApp3.csproj", "{AB9D702D-B27E-4B86-8D83-C3F8B88696B8}"
EndProject
Global
	GlobalSection(SolutionConfigurationPlatforms) = preSolution
		Debug|Any CPU = Debug|Any CPU
		Release|Any CPU = Release|Any CPU
	EndGlobalSection
	GlobalSection(ProjectConfigurationPlatforms) = postSolution
		{AB9D702D-B27E-4B86-8D83-C3F8B88696B8}.Debug|Any CPU.ActiveCfg = Debug|Any CPU
		{AB9D702D-B27E-4B86-8D83-C3F8B88696B8}.Debug|Any CPU.Build.0 = Debug|Any CPU
		{AB9D702D-B27E-4B86-8D83-C3F8B88696B8}.Release|Any CPU.ActiveCfg = Release|Any CPU
		{AB9D702D-B27E-4B86-8D83-C3F8B88696B8}.Release|Any CPU.Build.0 = Release|Any CPU
	EndGlobalSection
	GlobalSection(SolutionProperties) = preSolution
		HideSolutionNode = FALSE
	EndGlobalSection
	GlobalSection(ExtensibilityGlobals) = postSolution
		SolutionGuid = {211DAA8A-BE06-4D3B-94F0-28C833FBB8A7}
	EndGlobalSection
EndGlobal
